
Microsoft Visual Studio Solution File, Format Version 12.00
# Visual Studio Version 17
VisualStudioVersion = 17.10.35027.167
MinimumVisualStudioVersion = 10.0.40219.1
Project("{FAE04EC0-301F-11D3-BF4B-00C04F79EFBC}") = "CollegeSystem.Core", "CollegeSystem.Core\CollegeSystem.Core.csproj", "{B941CC5D-94D2-4280-BBD4-6C5EC9C371B6}"
EndProject
Project("{FAE04EC0-301F-11D3-BF4B-00C04F79EFBC}") = "CollegeSystem.Data", "CollegeSystem.Data\CollegeSystem.Data.csproj", "{F1001CCB-99F3-4C54-965F-FCA3B4AB3DED}"
EndProject
Project("{FAE04EC0-301F-11D3-BF4B-00C04F79EFBC}") = "CollegeSystem.Authentication", "CollegeSystem.Authentication\CollegeSystem.Authentication.csproj", "{11664703-5D27-456A-8F88-69947572F582}"
EndProject
Project("{FAE04EC0-301F-11D3-BF4B-00C04F79EFBC}") = "CollegeSystem.UI", "CollegeSystem.UI\CollegeSystem.UI.csproj", "{347EB843-5CB1-4D79-8527-7BE048DB03CE}"
EndProject
Project("{FAE04EC0-301F-11D3-BF4B-00C04F79EFBC}") = "CollegeSystem", "CollegeSystem\CollegeSystem.csproj", "{A5AF6B4B-737E-4321-A60F-5E8D2A1696DB}"
EndProject
Global
	GlobalSection(SolutionConfigurationPlatforms) = preSolution
		Debug|Any CPU = Debug|Any CPU
		Release|Any CPU = Release|Any CPU
	EndGlobalSection
	GlobalSection(ProjectConfigurationPlatforms) = postSolution
		{B941CC5D-94D2-4280-BBD4-6C5EC9C371B6}.Debug|Any CPU.ActiveCfg = Debug|Any CPU
		{B941CC5D-94D2-4280-BBD4-6C5EC9C371B6}.Debug|Any CPU.Build.0 = Debug|Any CPU
		{B941CC5D-94D2-4280-BBD4-6C5EC9C371B6}.Release|Any CPU.ActiveCfg = Release|Any CPU
		{B941CC5D-94D2-4280-BBD4-6C5EC9C371B6}.Release|Any CPU.Build.0 = Release|Any CPU
		{F1001CCB-99F3-4C54-965F-FCA3B4AB3DED}.Debug|Any CPU.ActiveCfg = Debug|Any CPU
		{F1001CCB-99F3-4C54-965F-FCA3B4AB3DED}.Debug|Any CPU.Build.0 = Debug|Any CPU
		{F1001CCB-99F3-4C54-965F-FCA3B4AB3DED}.Release|Any CPU.ActiveCfg = Release|Any CPU
		{F1001CCB-99F3-4C54-965F-FCA3B4AB3DED}.Release|Any CPU.Build.0 = Release|Any CPU
		{11664703-5D27-456A-8F88-69947572F582}.Debug|Any CPU.ActiveCfg = Debug|Any CPU
		{11664703-5D27-456A-8F88-69947572F582}.Debug|Any CPU.Build.0 = Debug|Any CPU
		{11664703-5D27-456A-8F88-69947572F582}.Release|Any CPU.ActiveCfg = Release|Any CPU
		{11664703-5D27-456A-8F88-69947572F582}.Release|Any CPU.Build.0 = Release|Any CPU
		{347EB843-5CB1-4D79-8527-7BE048DB03CE}.Debug|Any CPU.ActiveCfg = Debug|Any CPU
		{347EB843-5CB1-4D79-8527-7BE048DB03CE}.Debug|Any CPU.Build.0 = Debug|Any CPU
		{347EB843-5CB1-4D79-8527-7BE048DB03CE}.Release|Any CPU.ActiveCfg = Release|Any CPU
		{347EB843-5CB1-4D79-8527-7BE048DB03CE}.Release|Any CPU.Build.0 = Release|Any CPU
		{A5AF6B4B-737E-4321-A60F-5E8D2A1696DB}.Debug|Any CPU.ActiveCfg = Debug|Any CPU
		{A5AF6B4B-737E-4321-A60F-5E8D2A1696DB}.Debug|Any CPU.Build.0 = Debug|Any CPU
		{A5AF6B4B-737E-4321-A60F-5E8D2A1696DB}.Release|Any CPU.ActiveCfg = Release|Any CPU
		{A5AF6B4B-737E-4321-A60F-5E8D2A1696DB}.Release|Any CPU.Build.0 = Release|Any CPU
	EndGlobalSection
	GlobalSection(SolutionProperties) = preSolution
		HideSolutionNode = FALSE
	EndGlobalSection
	GlobalSection(ExtensibilityGlobals) = postSolution
		SolutionGuid = {E772653B-6F15-42B2-87D8-0CDDBC3323F7}
	EndGlobalSection
EndGlobal
